
Microsoft Visual Studio Solution File, Format Version 12.00
# Visual Studio 15
VisualStudioVersion = 15.0.28010.2041
MinimumVisualStudioVersion = 10.0.40219.1
Project("{888888A0-9F3D-457C-B088-3A5042F75D52}") = "Tercer Parcial", "Tercer Parcial\Tercer Parcial.pyproj", "{909E6130-303A-4548-BF8C-DFF549CEF805}"
EndProject
Global
	GlobalSection(SolutionConfigurationPlatforms) = preSolution
		Debug|Any CPU = Debug|Any CPU
		Release|Any CPU = Release|Any CPU
	EndGlobalSection
	GlobalSection(ProjectConfigurationPlatforms) = postSolution
		{909E6130-303A-4548-BF8C-DFF549CEF805}.Debug|Any CPU.ActiveCfg = Debug|Any CPU
		{909E6130-303A-4548-BF8C-DFF549CEF805}.Release|Any CPU.ActiveCfg = Release|Any CPU
	EndGlobalSection
	GlobalSection(SolutionProperties) = preSolution
		HideSolutionNode = FALSE
	EndGlobalSection
	GlobalSection(ExtensibilityGlobals) = postSolution
		SolutionGuid = {5D2CE594-243A-4E3A-A28A-2F13AE3EA7BC}
	EndGlobalSection
EndGlobal
